
Microsoft Visual Studio Solution File, Format Version 12.00
# Visual Studio Version 17
VisualStudioVersion = 17.12.35209.166
MinimumVisualStudioVersion = 10.0.40219.1
Project("{FAE04EC0-301F-11D3-BF4B-00C04F79EFBC}") = "AoC", "AoC\AoC.csproj", "{F76DFD2A-6F83-4DBA-9D32-6465F3BCD4B0}"
EndProject
Global
	GlobalSection(SolutionConfigurationPlatforms) = preSolution
		Debug|Any CPU = Debug|Any CPU
		Release|Any CPU = Release|Any CPU
	EndGlobalSection
	GlobalSection(ProjectConfigurationPlatforms) = postSolution
		{F76DFD2A-6F83-4DBA-9D32-6465F3BCD4B0}.Debug|Any CPU.ActiveCfg = Debug|Any CPU
		{F76DFD2A-6F83-4DBA-9D32-6465F3BCD4B0}.Debug|Any CPU.Build.0 = Debug|Any CPU
		{F76DFD2A-6F83-4DBA-9D32-6465F3BCD4B0}.Release|Any CPU.ActiveCfg = Release|Any CPU
		{F76DFD2A-6F83-4DBA-9D32-6465F3BCD4B0}.Release|Any CPU.Build.0 = Release|Any CPU
	EndGlobalSection
	GlobalSection(SolutionProperties) = preSolution
		HideSolutionNode = FALSE
	EndGlobalSection
	GlobalSection(ExtensibilityGlobals) = postSolution
		SolutionGuid = {F867BD59-878E-4533-B5E5-0A983B547869}
	EndGlobalSection
EndGlobal
